<?xml version="1.0" encoding="UTF-8"?>
<Project ToolsVersion="15.0" xmlns="http://schemas.microsoft.com/developer/msbuild/2003">
  <ItemGroup>
    <ClCompile Include="D:\UCSD Courses\CSE 167\HW\Project2\nanogui\nanogui\ext\nanovg\src\nanovg.c">
      <Filter>Source Files</Filter>
    </ClCompile>
    <ClCompile Include="D:\UCSD Courses\CSE 167\HW\Project2\nanogui\nanogui\ext\glad\src\glad.c">
      <Filter>Source Files</Filter>
    </ClCompile>
    <ClCompile Include="D:\UCSD Courses\CSE 167\HW\Project2\nanogui\nanogui_resources.cpp">
      <Filter>Source Files</Filter>
    </ClCompile>
    <ClCompile Include="D:\UCSD Courses\CSE 167\HW\Project2\nanogui\nanogui\src\glutil.cpp">
      <Filter>Source Files</Filter>
    </ClCompile>
    <ClCompile Include="D:\UCSD Courses\CSE 167\HW\Project2\nanogui\nanogui\src\common.cpp">
      <Filter>Source Files</Filter>
    </ClCompile>
    <ClCompile Include="D:\UCSD Courses\CSE 167\HW\Project2\nanogui\nanogui\src\widget.cpp">
      <Filter>Source Files</Filter>
    </ClCompile>
    <ClCompile Include="D:\UCSD Courses\CSE 167\HW\Project2\nanogui\nanogui\src\theme.cpp">
      <Filter>Source Files</Filter>
    </ClCompile>
    <ClCompile Include="D:\UCSD Courses\CSE 167\HW\Project2\nanogui\nanogui\src\layout.cpp">
      <Filter>Source Files</Filter>
    </ClCompile>
    <ClCompile Include="D:\UCSD Courses\CSE 167\HW\Project2\nanogui\nanogui\src\screen.cpp">
      <Filter>Source Files</Filter>
    </ClCompile>
    <ClCompile Include="D:\UCSD Courses\CSE 167\HW\Project2\nanogui\nanogui\src\label.cpp">
      <Filter>Source Files</Filter>
    </ClCompile>
    <ClCompile Include="D:\UCSD Courses\CSE 167\HW\Project2\nanogui\nanogui\src\window.cpp">
      <Filter>Source Files</Filter>
    </ClCompile>
    <ClCompile Include="D:\UCSD Courses\CSE 167\HW\Project2\nanogui\nanogui\src\popup.cpp">
      <Filter>Source Files</Filter>
    </ClCompile>
    <ClCompile Include="D:\UCSD Courses\CSE 167\HW\Project2\nanogui\nanogui\src\checkbox.cpp">
      <Filter>Source Files</Filter>
    </ClCompile>
    <ClCompile Include="D:\UCSD Courses\CSE 167\HW\Project2\nanogui\nanogui\src\button.cpp">
      <Filter>Source Files</Filter>
    </ClCompile>
    <ClCompile Include="D:\UCSD Courses\CSE 167\HW\Project2\nanogui\nanogui\src\popupbutton.cpp">
      <Filter>Source Files</Filter>
    </ClCompile>
    <ClCompile Include="D:\UCSD Courses\CSE 167\HW\Project2\nanogui\nanogui\src\combobox.cpp">
      <Filter>Source Files</Filter>
    </ClCompile>
    <ClCompile Include="D:\UCSD Courses\CSE 167\HW\Project2\nanogui\nanogui\src\progressbar.cpp">
      <Filter>Source Files</Filter>
    </ClCompile>
    <ClCompile Include="D:\UCSD Courses\CSE 167\HW\Project2\nanogui\nanogui\src\slider.cpp">
      <Filter>Source Files</Filter>
    </ClCompile>
    <ClCompile Include="D:\UCSD Courses\CSE 167\HW\Project2\nanogui\nanogui\src\messagedialog.cpp">
      <Filter>Source Files</Filter>
    </ClCompile>
    <ClCompile Include="D:\UCSD Courses\CSE 167\HW\Project2\nanogui\nanogui\src\textbox.cpp">
      <Filter>Source Files</Filter>
    </ClCompile>
    <ClCompile Include="D:\UCSD Courses\CSE 167\HW\Project2\nanogui\nanogui\src\imagepanel.cpp">
      <Filter>Source Files</Filter>
    </ClCompile>
    <ClCompile Include="D:\UCSD Courses\CSE 167\HW\Project2\nanogui\nanogui\src\imageview.cpp">
      <Filter>Source Files</Filter>
    </ClCompile>
    <ClCompile Include="D:\UCSD Courses\CSE 167\HW\Project2\nanogui\nanogui\src\vscrollpanel.cpp">
      <Filter>Source Files</Filter>
    </ClCompile>
    <ClCompile Include="D:\UCSD Courses\CSE 167\HW\Project2\nanogui\nanogui\src\colorwheel.cpp">
      <Filter>Source Files</Filter>
    </ClCompile>
    <ClCompile Include="D:\UCSD Courses\CSE 167\HW\Project2\nanogui\nanogui\src\colorpicker.cpp">
      <Filter>Source Files</Filter>
    </ClCompile>
    <ClCompile Include="D:\UCSD Courses\CSE 167\HW\Project2\nanogui\nanogui\src\graph.cpp">
      <Filter>Source Files</Filter>
    </ClCompile>
    <ClCompile Include="D:\UCSD Courses\CSE 167\HW\Project2\nanogui\nanogui\src\stackedwidget.cpp">
      <Filter>Source Files</Filter>
    </ClCompile>
    <ClCompile Include="D:\UCSD Courses\CSE 167\HW\Project2\nanogui\nanogui\src\tabheader.cpp">
      <Filter>Source Files</Filter>
    </ClCompile>
    <ClCompile Include="D:\UCSD Courses\CSE 167\HW\Project2\nanogui\nanogui\src\tabwidget.cpp">
      <Filter>Source Files</Filter>
    </ClCompile>
    <ClCompile Include="D:\UCSD Courses\CSE 167\HW\Project2\nanogui\nanogui\src\glcanvas.cpp">
      <Filter>Source Files</Filter>
    </ClCompile>
    <ClCompile Include="D:\UCSD Courses\CSE 167\HW\Project2\nanogui\nanogui\src\serializer.cpp">
      <Filter>Source Files</Filter>
    </ClCompile>
  </ItemGroup>
  <ItemGroup>
    <ClInclude Include="D:\UCSD Courses\CSE 167\HW\Project2\nanogui\nanogui\ext\glad\include\glad\glad.h">
      <Filter>Header Files</Filter>
    </ClInclude>
    <ClInclude Include="D:\UCSD Courses\CSE 167\HW\Project2\nanogui\nanogui\ext\glad\include\KHR\khrplatform.h">
      <Filter>Header Files</Filter>
    </ClInclude>
    <ClInclude Include="D:\UCSD Courses\CSE 167\HW\Project2\nanogui\nanogui\include\nanogui\glutil.h">
      <Filter>Header Files</Filter>
    </ClInclude>
    <ClInclude Include="D:\UCSD Courses\CSE 167\HW\Project2\nanogui\nanogui\include\nanogui\common.h">
      <Filter>Header Files</Filter>
    </ClInclude>
    <ClInclude Include="D:\UCSD Courses\CSE 167\HW\Project2\nanogui\nanogui\include\nanogui\widget.h">
      <Filter>Header Files</Filter>
    </ClInclude>
    <ClInclude Include="D:\UCSD Courses\CSE 167\HW\Project2\nanogui\nanogui\include\nanogui\theme.h">
      <Filter>Header Files</Filter>
    </ClInclude>
    <ClInclude Include="D:\UCSD Courses\CSE 167\HW\Project2\nanogui\nanogui\include\nanogui\layout.h">
      <Filter>Header Files</Filter>
    </ClInclude>
    <ClInclude Include="D:\UCSD Courses\CSE 167\HW\Project2\nanogui\nanogui\include\nanogui\screen.h">
      <Filter>Header Files</Filter>
    </ClInclude>
    <ClInclude Include="D:\UCSD Courses\CSE 167\HW\Project2\nanogui\nanogui\include\nanogui\label.h">
      <Filter>Header Files</Filter>
    </ClInclude>
    <ClInclude Include="D:\UCSD Courses\CSE 167\HW\Project2\nanogui\nanogui\include\nanogui\window.h">
      <Filter>Header Files</Filter>
    </ClInclude>
    <ClInclude Include="D:\UCSD Courses\CSE 167\HW\Project2\nanogui\nanogui\include\nanogui\popup.h">
      <Filter>Header Files</Filter>
    </ClInclude>
    <ClInclude Include="D:\UCSD Courses\CSE 167\HW\Project2\nanogui\nanogui\include\nanogui\checkbox.h">
      <Filter>Header Files</Filter>
    </ClInclude>
    <ClInclude Include="D:\UCSD Courses\CSE 167\HW\Project2\nanogui\nanogui\include\nanogui\button.h">
      <Filter>Header Files</Filter>
    </ClInclude>
    <ClInclude Include="D:\UCSD Courses\CSE 167\HW\Project2\nanogui\nanogui\include\nanogui\popupbutton.h">
      <Filter>Header Files</Filter>
    </ClInclude>
    <ClInclude Include="D:\UCSD Courses\CSE 167\HW\Project2\nanogui\nanogui\include\nanogui\combobox.h">
      <Filter>Header Files</Filter>
    </ClInclude>
    <ClInclude Include="D:\UCSD Courses\CSE 167\HW\Project2\nanogui\nanogui\include\nanogui\progressbar.h">
      <Filter>Header Files</Filter>
    </ClInclude>
    <ClInclude Include="D:\UCSD Courses\CSE 167\HW\Project2\nanogui\nanogui\include\nanogui\slider.h">
      <Filter>Header Files</Filter>
    </ClInclude>
    <ClInclude Include="D:\UCSD Courses\CSE 167\HW\Project2\nanogui\nanogui\include\nanogui\messagedialog.h">
      <Filter>Header Files</Filter>
    </ClInclude>
    <ClInclude Include="D:\UCSD Courses\CSE 167\HW\Project2\nanogui\nanogui\include\nanogui\textbox.h">
      <Filter>Header Files</Filter>
    </ClInclude>
    <ClInclude Include="D:\UCSD Courses\CSE 167\HW\Project2\nanogui\nanogui\include\nanogui\imagepanel.h">
      <Filter>Header Files</Filter>
    </ClInclude>
    <ClInclude Include="D:\UCSD Courses\CSE 167\HW\Project2\nanogui\nanogui\include\nanogui\imageview.h">
      <Filter>Header Files</Filter>
    </ClInclude>
    <ClInclude Include="D:\UCSD Courses\CSE 167\HW\Project2\nanogui\nanogui\include\nanogui\vscrollpanel.h">
      <Filter>Header Files</Filter>
    </ClInclude>
    <ClInclude Include="D:\UCSD Courses\CSE 167\HW\Project2\nanogui\nanogui\include\nanogui\colorwheel.h">
      <Filter>Header Files</Filter>
    </ClInclude>
    <ClInclude Include="D:\UCSD Courses\CSE 167\HW\Project2\nanogui\nanogui\include\nanogui\colorpicker.h">
      <Filter>Header Files</Filter>
    </ClInclude>
    <ClInclude Include="D:\UCSD Courses\CSE 167\HW\Project2\nanogui\nanogui\include\nanogui\graph.h">
      <Filter>Header Files</Filter>
    </ClInclude>
    <ClInclude Include="D:\UCSD Courses\CSE 167\HW\Project2\nanogui\nanogui\include\nanogui\stackedwidget.h">
      <Filter>Header Files</Filter>
    </ClInclude>
    <ClInclude Include="D:\UCSD Courses\CSE 167\HW\Project2\nanogui\nanogui\include\nanogui\tabheader.h">
      <Filter>Header Files</Filter>
    </ClInclude>
    <ClInclude Include="D:\UCSD Courses\CSE 167\HW\Project2\nanogui\nanogui\include\nanogui\tabwidget.h">
      <Filter>Header Files</Filter>
    </ClInclude>
    <ClInclude Include="D:\UCSD Courses\CSE 167\HW\Project2\nanogui\nanogui\include\nanogui\glcanvas.h">
      <Filter>Header Files</Filter>
    </ClInclude>
    <ClInclude Include="D:\UCSD Courses\CSE 167\HW\Project2\nanogui\nanogui\include\nanogui\formhelper.h">
      <Filter>Header Files</Filter>
    </ClInclude>
    <ClInclude Include="D:\UCSD Courses\CSE 167\HW\Project2\nanogui\nanogui\include\nanogui\toolbutton.h">
      <Filter>Header Files</Filter>
    </ClInclude>
    <ClInclude Include="D:\UCSD Courses\CSE 167\HW\Project2\nanogui\nanogui\include\nanogui\opengl.h">
      <Filter>Header Files</Filter>
    </ClInclude>
    <ClInclude Include="D:\UCSD Courses\CSE 167\HW\Project2\nanogui\nanogui\include\nanogui\nanogui.h">
      <Filter>Header Files</Filter>
    </ClInclude>
    <ClInclude Include="D:\UCSD Courses\CSE 167\HW\Project2\nanogui\nanogui\include\nanogui\serializer\core.h">
      <Filter>Header Files</Filter>
    </ClInclude>
    <ClInclude Include="D:\UCSD Courses\CSE 167\HW\Project2\nanogui\nanogui\include\nanogui\serializer\opengl.h">
      <Filter>Header Files</Filter>
    </ClInclude>
    <ClInclude Include="D:\UCSD Courses\CSE 167\HW\Project2\nanogui\nanogui\include\nanogui\serializer\sparse.h">
      <Filter>Header Files</Filter>
    </ClInclude>
  </ItemGroup>
  <ItemGroup>
    <CustomBuild Include="D:\UCSD Courses\CSE 167\HW\Project2\nanogui\nanogui\CMakeLists.txt" />
    <CustomBuild Include="D:\UCSD Courses\CSE 167\HW\Project2\nanogui\CMakeFiles\421ee130997d314c4a09179317783ede\nanogui_resources.cpp.rule">
      <Filter>CMake Rules</Filter>
    </CustomBuild>
  </ItemGroup>
  <ItemGroup>
    <Filter Include="Source Files">
      <UniqueIdentifier>{AE347BEA-9329-38DD-9E74-CB0B24E6E88A}</UniqueIdentifier>
    </Filter>
    <Filter Include="Header Files">
      <UniqueIdentifier>{FF3D8D05-EDE9-3548-B476-FFE44A98C45A}</UniqueIdentifier>
    </Filter>
    <Filter Include="CMake Rules">
      <UniqueIdentifier>{0723B075-6090-32EF-8338-5CD343BF4845}</UniqueIdentifier>
    </Filter>
  </ItemGroup>
</Project>
