Microsoft Visual Studio Solution File, Format Version 12.00
# Visual Studio 15
Project("{2150E333-8FDC-42A3-9474-1A3956D46DE8}") = "CMakePredefinedTargets", "CMakePredefinedTargets", "{1153DBA8-816F-31E4-8F64-39902AA99F9B}"
EndProject
Project("{2150E333-8FDC-42A3-9474-1A3956D46DE8}") = "GLFW3", "GLFW3", "{13A3F7D5-23A5-3156-A46A-14C9998F7F4D}"
EndProject
Project("{8BC9CEB8-8B4A-11D0-8D11-00A0C91BC942}") = "ALL_BUILD", "ALL_BUILD.vcxproj", "{AACCD0E2-1FAC-38C2-B1A1-AA71317CB043}"
	ProjectSection(ProjectDependencies) = postProject
		{6E38CD9C-ADF5-34A0-BA5B-4B1407AEFBA9} = {6E38CD9C-ADF5-34A0-BA5B-4B1407AEFBA9}
		{1DFB21EA-9E29-39FE-9BC1-5EF892453C88} = {1DFB21EA-9E29-39FE-9BC1-5EF892453C88}
		{2CE4CAF5-E6DF-31BD-920C-2984AF4A0E5D} = {2CE4CAF5-E6DF-31BD-920C-2984AF4A0E5D}
	EndProjectSection
EndProject
Project("{8BC9CEB8-8B4A-11D0-8D11-00A0C91BC942}") = "INSTALL", "INSTALL.vcxproj", "{4FCE5D99-A391-37E9-9B09-1654BA44D626}"
	ProjectSection(ProjectDependencies) = postProject
		{AACCD0E2-1FAC-38C2-B1A1-AA71317CB043} = {AACCD0E2-1FAC-38C2-B1A1-AA71317CB043}
		{6E38CD9C-ADF5-34A0-BA5B-4B1407AEFBA9} = {6E38CD9C-ADF5-34A0-BA5B-4B1407AEFBA9}
	EndProjectSection
EndProject
Project("{8BC9CEB8-8B4A-11D0-8D11-00A0C91BC942}") = "ZERO_CHECK", "..\..\\ZERO_CHECK.vcxproj", "{6E38CD9C-ADF5-34A0-BA5B-4B1407AEFBA9}"
	ProjectSection(ProjectDependencies) = postProject
	EndProjectSection
EndProject
Project("{8BC9CEB8-8B4A-11D0-8D11-00A0C91BC942}") = "glfw", "src\glfw.vcxproj", "{1DFB21EA-9E29-39FE-9BC1-5EF892453C88}"
	ProjectSection(ProjectDependencies) = postProject
		{6E38CD9C-ADF5-34A0-BA5B-4B1407AEFBA9} = {6E38CD9C-ADF5-34A0-BA5B-4B1407AEFBA9}
		{2CE4CAF5-E6DF-31BD-920C-2984AF4A0E5D} = {2CE4CAF5-E6DF-31BD-920C-2984AF4A0E5D}
	EndProjectSection
EndProject
Project("{8BC9CEB8-8B4A-11D0-8D11-00A0C91BC942}") = "glfw_objects", "src\glfw_objects.vcxproj", "{2CE4CAF5-E6DF-31BD-920C-2984AF4A0E5D}"
	ProjectSection(ProjectDependencies) = postProject
		{6E38CD9C-ADF5-34A0-BA5B-4B1407AEFBA9} = {6E38CD9C-ADF5-34A0-BA5B-4B1407AEFBA9}
	EndProjectSection
EndProject
Global
	GlobalSection(SolutionConfigurationPlatforms) = preSolution
		Debug|ARM = Debug|ARM
		Release|ARM = Release|ARM
		MinSizeRel|ARM = MinSizeRel|ARM
		RelWithDebInfo|ARM = RelWithDebInfo|ARM
	EndGlobalSection
	GlobalSection(ProjectConfigurationPlatforms) = postSolution
		{AACCD0E2-1FAC-38C2-B1A1-AA71317CB043}.Debug|ARM.ActiveCfg = Debug|ARM
		{AACCD0E2-1FAC-38C2-B1A1-AA71317CB043}.Debug|ARM.Build.0 = Debug|ARM
		{AACCD0E2-1FAC-38C2-B1A1-AA71317CB043}.Release|ARM.ActiveCfg = Release|ARM
		{AACCD0E2-1FAC-38C2-B1A1-AA71317CB043}.Release|ARM.Build.0 = Release|ARM
		{AACCD0E2-1FAC-38C2-B1A1-AA71317CB043}.MinSizeRel|ARM.ActiveCfg = MinSizeRel|ARM
		{AACCD0E2-1FAC-38C2-B1A1-AA71317CB043}.MinSizeRel|ARM.Build.0 = MinSizeRel|ARM
		{AACCD0E2-1FAC-38C2-B1A1-AA71317CB043}.RelWithDebInfo|ARM.ActiveCfg = RelWithDebInfo|ARM
		{AACCD0E2-1FAC-38C2-B1A1-AA71317CB043}.RelWithDebInfo|ARM.Build.0 = RelWithDebInfo|ARM
		{4FCE5D99-A391-37E9-9B09-1654BA44D626}.Debug|ARM.ActiveCfg = Debug|ARM
		{4FCE5D99-A391-37E9-9B09-1654BA44D626}.Release|ARM.ActiveCfg = Release|ARM
		{4FCE5D99-A391-37E9-9B09-1654BA44D626}.MinSizeRel|ARM.ActiveCfg = MinSizeRel|ARM
		{4FCE5D99-A391-37E9-9B09-1654BA44D626}.RelWithDebInfo|ARM.ActiveCfg = RelWithDebInfo|ARM
		{6E38CD9C-ADF5-34A0-BA5B-4B1407AEFBA9}.Debug|ARM.ActiveCfg = Debug|ARM
		{6E38CD9C-ADF5-34A0-BA5B-4B1407AEFBA9}.Debug|ARM.Build.0 = Debug|ARM
		{6E38CD9C-ADF5-34A0-BA5B-4B1407AEFBA9}.Release|ARM.ActiveCfg = Release|ARM
		{6E38CD9C-ADF5-34A0-BA5B-4B1407AEFBA9}.Release|ARM.Build.0 = Release|ARM
		{6E38CD9C-ADF5-34A0-BA5B-4B1407AEFBA9}.MinSizeRel|ARM.ActiveCfg = MinSizeRel|ARM
		{6E38CD9C-ADF5-34A0-BA5B-4B1407AEFBA9}.MinSizeRel|ARM.Build.0 = MinSizeRel|ARM
		{6E38CD9C-ADF5-34A0-BA5B-4B1407AEFBA9}.RelWithDebInfo|ARM.ActiveCfg = RelWithDebInfo|ARM
		{6E38CD9C-ADF5-34A0-BA5B-4B1407AEFBA9}.RelWithDebInfo|ARM.Build.0 = RelWithDebInfo|ARM
		{1DFB21EA-9E29-39FE-9BC1-5EF892453C88}.Debug|ARM.ActiveCfg = Debug|ARM
		{1DFB21EA-9E29-39FE-9BC1-5EF892453C88}.Debug|ARM.Build.0 = Debug|ARM
		{1DFB21EA-9E29-39FE-9BC1-5EF892453C88}.Release|ARM.ActiveCfg = Release|ARM
		{1DFB21EA-9E29-39FE-9BC1-5EF892453C88}.Release|ARM.Build.0 = Release|ARM
		{1DFB21EA-9E29-39FE-9BC1-5EF892453C88}.MinSizeRel|ARM.ActiveCfg = MinSizeRel|ARM
		{1DFB21EA-9E29-39FE-9BC1-5EF892453C88}.MinSizeRel|ARM.Build.0 = MinSizeRel|ARM
		{1DFB21EA-9E29-39FE-9BC1-5EF892453C88}.RelWithDebInfo|ARM.ActiveCfg = RelWithDebInfo|ARM
		{1DFB21EA-9E29-39FE-9BC1-5EF892453C88}.RelWithDebInfo|ARM.Build.0 = RelWithDebInfo|ARM
		{2CE4CAF5-E6DF-31BD-920C-2984AF4A0E5D}.Debug|ARM.ActiveCfg = Debug|ARM
		{2CE4CAF5-E6DF-31BD-920C-2984AF4A0E5D}.Debug|ARM.Build.0 = Debug|ARM
		{2CE4CAF5-E6DF-31BD-920C-2984AF4A0E5D}.Release|ARM.ActiveCfg = Release|ARM
		{2CE4CAF5-E6DF-31BD-920C-2984AF4A0E5D}.Release|ARM.Build.0 = Release|ARM
		{2CE4CAF5-E6DF-31BD-920C-2984AF4A0E5D}.MinSizeRel|ARM.ActiveCfg = MinSizeRel|ARM
		{2CE4CAF5-E6DF-31BD-920C-2984AF4A0E5D}.MinSizeRel|ARM.Build.0 = MinSizeRel|ARM
		{2CE4CAF5-E6DF-31BD-920C-2984AF4A0E5D}.RelWithDebInfo|ARM.ActiveCfg = RelWithDebInfo|ARM
		{2CE4CAF5-E6DF-31BD-920C-2984AF4A0E5D}.RelWithDebInfo|ARM.Build.0 = RelWithDebInfo|ARM
	EndGlobalSection
	GlobalSection(NestedProjects) = preSolution
		{AACCD0E2-1FAC-38C2-B1A1-AA71317CB043} = {1153DBA8-816F-31E4-8F64-39902AA99F9B}
		{4FCE5D99-A391-37E9-9B09-1654BA44D626} = {1153DBA8-816F-31E4-8F64-39902AA99F9B}
		{6E38CD9C-ADF5-34A0-BA5B-4B1407AEFBA9} = {1153DBA8-816F-31E4-8F64-39902AA99F9B}
		{1DFB21EA-9E29-39FE-9BC1-5EF892453C88} = {13A3F7D5-23A5-3156-A46A-14C9998F7F4D}
	EndGlobalSection
	GlobalSection(ExtensibilityGlobals) = postSolution
		SolutionGuid = {BCA8FA3D-73C7-37C0-BB92-F644DE27F7C1}
	EndGlobalSection
	GlobalSection(ExtensibilityAddIns) = postSolution
	EndGlobalSection
EndGlobal
